// !$*UTF8*$!
{
	archiveVersion = 1;
	classes = {
	};
	objectVersion = 51;
	objects = {

/* Begin PBXBuildFile section */
		3F563C8F03D2A36CA6133545 /* Pods_instagramUITests.framework in Frameworks */ = {isa = PBXBuildFile; fileRef = 6206572F7630F0AF235E9D84 /* Pods_instagramUITests.framework */; };
		7D12B44522D5109E00EB4069 /* Post.m in Sources */ = {isa = PBXBuildFile; fileRef = 7D12B44422D5109E00EB4069 /* Post.m */; };
		7D6DF7E322D3FB66006F38EB /* AppDelegate.m in Sources */ = {isa = PBXBuildFile; fileRef = 7D6DF7E222D3FB66006F38EB /* AppDelegate.m */; };
		7D6DF7E622D3FB66006F38EB /* ViewController.m in Sources */ = {isa = PBXBuildFile; fileRef = 7D6DF7E522D3FB66006F38EB /* ViewController.m */; };
		7D6DF7E922D3FB66006F38EB /* Main.storyboard in Resources */ = {isa = PBXBuildFile; fileRef = 7D6DF7E722D3FB66006F38EB /* Main.storyboard */; };
		7D6DF7EB22D3FB68006F38EB /* Assets.xcassets in Resources */ = {isa = PBXBuildFile; fileRef = 7D6DF7EA22D3FB68006F38EB /* Assets.xcassets */; };
		7D6DF7EE22D3FB68006F38EB /* LaunchScreen.storyboard in Resources */ = {isa = PBXBuildFile; fileRef = 7D6DF7EC22D3FB68006F38EB /* LaunchScreen.storyboard */; };
		7D6DF7F122D3FB68006F38EB /* main.m in Sources */ = {isa = PBXBuildFile; fileRef = 7D6DF7F022D3FB68006F38EB /* main.m */; };
		7D6DF7FB22D3FB68006F38EB /* instagramTests.m in Sources */ = {isa = PBXBuildFile; fileRef = 7D6DF7FA22D3FB68006F38EB /* instagramTests.m */; };
		7D6DF80622D3FB68006F38EB /* instagramUITests.m in Sources */ = {isa = PBXBuildFile; fileRef = 7D6DF80522D3FB68006F38EB /* instagramUITests.m */; };
		7D6DF81622D4196C006F38EB /* HomeFeedViewController.m in Sources */ = {isa = PBXBuildFile; fileRef = 7D6DF81522D4196C006F38EB /* HomeFeedViewController.m */; };
		7D6DF81922D476D8006F38EB /* ComposeViewController.m in Sources */ = {isa = PBXBuildFile; fileRef = 7D6DF81822D476D8006F38EB /* ComposeViewController.m */; };
		7D6DF81D22D47CCA006F38EB /* PostCell.m in Sources */ = {isa = PBXBuildFile; fileRef = 7D6DF81C22D47CCA006F38EB /* PostCell.m */; };
		9D7C47162097A9FEF692D408 /* Pods_instagram.framework in Frameworks */ = {isa = PBXBuildFile; fileRef = E47A6D772EFD7C4DBE75FABC /* Pods_instagram.framework */; };
		D7FB802E2D7EEC21A4ACAA44 /* Pods_instagramTests.framework in Frameworks */ = {isa = PBXBuildFile; fileRef = BB7FE31BA3DED2BC45CD6C2B /* Pods_instagramTests.framework */; };
/* End PBXBuildFile section */

/* Begin PBXContainerItemProxy section */
		7D6DF7F722D3FB68006F38EB /* PBXContainerItemProxy */ = {
			isa = PBXContainerItemProxy;
			containerPortal = 7D6DF7D622D3FB66006F38EB /* Project object */;
			proxyType = 1;
			remoteGlobalIDString = 7D6DF7DD22D3FB66006F38EB;
			remoteInfo = instagram;
		};
		7D6DF80222D3FB68006F38EB /* PBXContainerItemProxy */ = {
			isa = PBXContainerItemProxy;
			containerPortal = 7D6DF7D622D3FB66006F38EB /* Project object */;
			proxyType = 1;
			remoteGlobalIDString = 7D6DF7DD22D3FB66006F38EB;
			remoteInfo = instagram;
		};
/* End PBXContainerItemProxy section */

/* Begin PBXFileReference section */
		6206572F7630F0AF235E9D84 /* Pods_instagramUITests.framework */ = {isa = PBXFileReference; explicitFileType = wrapper.framework; includeInIndex = 0; path = Pods_instagramUITests.framework; sourceTree = BUILT_PRODUCTS_DIR; };
		6CE3B4F883AF95FD06403DF0 /* Pods-instagram.release.xcconfig */ = {isa = PBXFileReference; includeInIndex = 1; lastKnownFileType = text.xcconfig; name = "Pods-instagram.release.xcconfig"; path = "Target Support Files/Pods-instagram/Pods-instagram.release.xcconfig"; sourceTree = "<group>"; };
		7D12B44322D5109E00EB4069 /* Post.h */ = {isa = PBXFileReference; lastKnownFileType = sourcecode.c.h; path = Post.h; sourceTree = "<group>"; };
		7D12B44422D5109E00EB4069 /* Post.m */ = {isa = PBXFileReference; lastKnownFileType = sourcecode.c.objc; path = Post.m; sourceTree = "<group>"; };
		7D6DF7DE22D3FB66006F38EB /* instagram.app */ = {isa = PBXFileReference; explicitFileType = wrapper.application; includeInIndex = 0; path = instagram.app; sourceTree = BUILT_PRODUCTS_DIR; };
		7D6DF7E122D3FB66006F38EB /* AppDelegate.h */ = {isa = PBXFileReference; lastKnownFileType = sourcecode.c.h; path = AppDelegate.h; sourceTree = "<group>"; };
		7D6DF7E222D3FB66006F38EB /* AppDelegate.m */ = {isa = PBXFileReference; lastKnownFileType = sourcecode.c.objc; path = AppDelegate.m; sourceTree = "<group>"; };
		7D6DF7E422D3FB66006F38EB /* ViewController.h */ = {isa = PBXFileReference; lastKnownFileType = sourcecode.c.h; path = ViewController.h; sourceTree = "<group>"; };
		7D6DF7E522D3FB66006F38EB /* ViewController.m */ = {isa = PBXFileReference; lastKnownFileType = sourcecode.c.objc; path = ViewController.m; sourceTree = "<group>"; };
		7D6DF7E822D3FB66006F38EB /* Base */ = {isa = PBXFileReference; lastKnownFileType = file.storyboard; name = Base; path = Base.lproj/Main.storyboard; sourceTree = "<group>"; };
		7D6DF7EA22D3FB68006F38EB /* Assets.xcassets */ = {isa = PBXFileReference; lastKnownFileType = folder.assetcatalog; path = Assets.xcassets; sourceTree = "<group>"; };
		7D6DF7ED22D3FB68006F38EB /* Base */ = {isa = PBXFileReference; lastKnownFileType = file.storyboard; name = Base; path = Base.lproj/LaunchScreen.storyboard; sourceTree = "<group>"; };
		7D6DF7EF22D3FB68006F38EB /* Info.plist */ = {isa = PBXFileReference; lastKnownFileType = text.plist.xml; path = Info.plist; sourceTree = "<group>"; };
		7D6DF7F022D3FB68006F38EB /* main.m */ = {isa = PBXFileReference; lastKnownFileType = sourcecode.c.objc; path = main.m; sourceTree = "<group>"; };
		7D6DF7F622D3FB68006F38EB /* instagramTests.xctest */ = {isa = PBXFileReference; explicitFileType = wrapper.cfbundle; includeInIndex = 0; path = instagramTests.xctest; sourceTree = BUILT_PRODUCTS_DIR; };
		7D6DF7FA22D3FB68006F38EB /* instagramTests.m */ = {isa = PBXFileReference; lastKnownFileType = sourcecode.c.objc; path = instagramTests.m; sourceTree = "<group>"; };
		7D6DF7FC22D3FB68006F38EB /* Info.plist */ = {isa = PBXFileReference; lastKnownFileType = text.plist.xml; path = Info.plist; sourceTree = "<group>"; };
		7D6DF80122D3FB68006F38EB /* instagramUITests.xctest */ = {isa = PBXFileReference; explicitFileType = wrapper.cfbundle; includeInIndex = 0; path = instagramUITests.xctest; sourceTree = BUILT_PRODUCTS_DIR; };
		7D6DF80522D3FB68006F38EB /* instagramUITests.m */ = {isa = PBXFileReference; lastKnownFileType = sourcecode.c.objc; path = instagramUITests.m; sourceTree = "<group>"; };
		7D6DF80722D3FB68006F38EB /* Info.plist */ = {isa = PBXFileReference; lastKnownFileType = text.plist.xml; path = Info.plist; sourceTree = "<group>"; };
		7D6DF81422D4196C006F38EB /* HomeFeedViewController.h */ = {isa = PBXFileReference; lastKnownFileType = sourcecode.c.h; path = HomeFeedViewController.h; sourceTree = "<group>"; };
		7D6DF81522D4196C006F38EB /* HomeFeedViewController.m */ = {isa = PBXFileReference; lastKnownFileType = sourcecode.c.objc; path = HomeFeedViewController.m; sourceTree = "<group>"; };
		7D6DF81722D476D8006F38EB /* ComposeViewController.h */ = {isa = PBXFileReference; lastKnownFileType = sourcecode.c.h; path = ComposeViewController.h; sourceTree = "<group>"; };
		7D6DF81822D476D8006F38EB /* ComposeViewController.m */ = {isa = PBXFileReference; lastKnownFileType = sourcecode.c.objc; path = ComposeViewController.m; sourceTree = "<group>"; };
		7D6DF81B22D47CCA006F38EB /* PostCell.h */ = {isa = PBXFileReference; lastKnownFileType = sourcecode.c.h; path = PostCell.h; sourceTree = "<group>"; };
		7D6DF81C22D47CCA006F38EB /* PostCell.m */ = {isa = PBXFileReference; lastKnownFileType = sourcecode.c.objc; path = PostCell.m; sourceTree = "<group>"; };
		7EB8918C7FE76B58759EE8D9 /* Pods-instagramTests.release.xcconfig */ = {isa = PBXFileReference; includeInIndex = 1; lastKnownFileType = text.xcconfig; name = "Pods-instagramTests.release.xcconfig"; path = "Target Support Files/Pods-instagramTests/Pods-instagramTests.release.xcconfig"; sourceTree = "<group>"; };
		A738357DD6BEDB652A5E2098 /* Pods-instagramUITests.debug.xcconfig */ = {isa = PBXFileReference; includeInIndex = 1; lastKnownFileType = text.xcconfig; name = "Pods-instagramUITests.debug.xcconfig"; path = "Target Support Files/Pods-instagramUITests/Pods-instagramUITests.debug.xcconfig"; sourceTree = "<group>"; };
		BB7FE31BA3DED2BC45CD6C2B /* Pods_instagramTests.framework */ = {isa = PBXFileReference; explicitFileType = wrapper.framework; includeInIndex = 0; path = Pods_instagramTests.framework; sourceTree = BUILT_PRODUCTS_DIR; };
		D5056395ED4D3E0AE366C226 /* Pods-instagramTests.debug.xcconfig */ = {isa = PBXFileReference; includeInIndex = 1; lastKnownFileType = text.xcconfig; name = "Pods-instagramTests.debug.xcconfig"; path = "Target Support Files/Pods-instagramTests/Pods-instagramTests.debug.xcconfig"; sourceTree = "<group>"; };
		E2313BF6E4808C25120828AB /* Pods-instagramUITests.release.xcconfig */ = {isa = PBXFileReference; includeInIndex = 1; lastKnownFileType = text.xcconfig; name = "Pods-instagramUITests.release.xcconfig"; path = "Target Support Files/Pods-instagramUITests/Pods-instagramUITests.release.xcconfig"; sourceTree = "<group>"; };
		E47A6D772EFD7C4DBE75FABC /* Pods_instagram.framework */ = {isa = PBXFileReference; explicitFileType = wrapper.framework; includeInIndex = 0; path = Pods_instagram.framework; sourceTree = BUILT_PRODUCTS_DIR; };
		E893D1806B72D5A258F0B1B2 /* Pods-instagram.debug.xcconfig */ = {isa = PBXFileReference; includeInIndex = 1; lastKnownFileType = text.xcconfig; name = "Pods-instagram.debug.xcconfig"; path = "Target Support Files/Pods-instagram/Pods-instagram.debug.xcconfig"; sourceTree = "<group>"; };
/* End PBXFileReference section */

/* Begin PBXFrameworksBuildPhase section */
		7D6DF7DB22D3FB66006F38EB /* Frameworks */ = {
			isa = PBXFrameworksBuildPhase;
			buildActionMask = 2147483647;
			files = (
				9D7C47162097A9FEF692D408 /* Pods_instagram.framework in Frameworks */,
			);
			runOnlyForDeploymentPostprocessing = 0;
		};
		7D6DF7F322D3FB68006F38EB /* Frameworks */ = {
			isa = PBXFrameworksBuildPhase;
			buildActionMask = 2147483647;
			files = (
				D7FB802E2D7EEC21A4ACAA44 /* Pods_instagramTests.framework in Frameworks */,
			);
			runOnlyForDeploymentPostprocessing = 0;
		};
		7D6DF7FE22D3FB68006F38EB /* Frameworks */ = {
			isa = PBXFrameworksBuildPhase;
			buildActionMask = 2147483647;
			files = (
				3F563C8F03D2A36CA6133545 /* Pods_instagramUITests.framework in Frameworks */,
			);
			runOnlyForDeploymentPostprocessing = 0;
		};
/* End PBXFrameworksBuildPhase section */

/* Begin PBXGroup section */
		0B8DA2F3D430C14FA6672754 /* Pods */ = {
			isa = PBXGroup;
			children = (
				E893D1806B72D5A258F0B1B2 /* Pods-instagram.debug.xcconfig */,
				6CE3B4F883AF95FD06403DF0 /* Pods-instagram.release.xcconfig */,
				D5056395ED4D3E0AE366C226 /* Pods-instagramTests.debug.xcconfig */,
				7EB8918C7FE76B58759EE8D9 /* Pods-instagramTests.release.xcconfig */,
				A738357DD6BEDB652A5E2098 /* Pods-instagramUITests.debug.xcconfig */,
				E2313BF6E4808C25120828AB /* Pods-instagramUITests.release.xcconfig */,
			);
			path = Pods;
			sourceTree = "<group>";
		};
		7D6DF7D522D3FB66006F38EB = {
			isa = PBXGroup;
			children = (
				7D6DF7E022D3FB66006F38EB /* instagram */,
				7D6DF7F922D3FB68006F38EB /* instagramTests */,
				7D6DF80422D3FB68006F38EB /* instagramUITests */,
				7D6DF7DF22D3FB66006F38EB /* Products */,
				0B8DA2F3D430C14FA6672754 /* Pods */,
				DA8C39803B1BF096F2933543 /* Frameworks */,
			);
			sourceTree = "<group>";
		};
		7D6DF7DF22D3FB66006F38EB /* Products */ = {
			isa = PBXGroup;
			children = (
				7D6DF7DE22D3FB66006F38EB /* instagram.app */,
				7D6DF7F622D3FB68006F38EB /* instagramTests.xctest */,
				7D6DF80122D3FB68006F38EB /* instagramUITests.xctest */,
			);
			name = Products;
			sourceTree = "<group>";
		};
		7D6DF7E022D3FB66006F38EB /* instagram */ = {
			isa = PBXGroup;
			children = (
				7D6DF7E122D3FB66006F38EB /* AppDelegate.h */,
				7D6DF7E222D3FB66006F38EB /* AppDelegate.m */,
				7D12B44322D5109E00EB4069 /* Post.h */,
				7D12B44422D5109E00EB4069 /* Post.m */,
				7D6DF81322D41942006F38EB /* View Controllers */,
				7D6DF81A22D47C90006F38EB /* Views */,
				7D6DF7E722D3FB66006F38EB /* Main.storyboard */,
				7D6DF7EA22D3FB68006F38EB /* Assets.xcassets */,
				7D6DF7EC22D3FB68006F38EB /* LaunchScreen.storyboard */,
				7D6DF7EF22D3FB68006F38EB /* Info.plist */,
				7D6DF7F022D3FB68006F38EB /* main.m */,
			);
			path = instagram;
			sourceTree = "<group>";
		};
		7D6DF7F922D3FB68006F38EB /* instagramTests */ = {
			isa = PBXGroup;
			children = (
				7D6DF7FA22D3FB68006F38EB /* instagramTests.m */,
				7D6DF7FC22D3FB68006F38EB /* Info.plist */,
			);
			path = instagramTests;
			sourceTree = "<group>";
		};
		7D6DF80422D3FB68006F38EB /* instagramUITests */ = {
			isa = PBXGroup;
			children = (
				7D6DF80522D3FB68006F38EB /* instagramUITests.m */,
				7D6DF80722D3FB68006F38EB /* Info.plist */,
			);
			path = instagramUITests;
			sourceTree = "<group>";
		};
		7D6DF81322D41942006F38EB /* View Controllers */ = {
			isa = PBXGroup;
			children = (
				7D6DF7E422D3FB66006F38EB /* ViewController.h */,
				7D6DF7E522D3FB66006F38EB /* ViewController.m */,
				7D6DF81422D4196C006F38EB /* HomeFeedViewController.h */,
				7D6DF81522D4196C006F38EB /* HomeFeedViewController.m */,
				7D6DF81722D476D8006F38EB /* ComposeViewController.h */,
				7D6DF81822D476D8006F38EB /* ComposeViewController.m */,
			);
			path = "View Controllers";
			sourceTree = "<group>";
		};
		7D6DF81A22D47C90006F38EB /* Views */ = {
			isa = PBXGroup;
			children = (
				7D6DF81B22D47CCA006F38EB /* PostCell.h */,
				7D6DF81C22D47CCA006F38EB /* PostCell.m */,
			);
			path = Views;
			sourceTree = "<group>";
		};
		DA8C39803B1BF096F2933543 /* Frameworks */ = {
			isa = PBXGroup;
			children = (
				E47A6D772EFD7C4DBE75FABC /* Pods_instagram.framework */,
				BB7FE31BA3DED2BC45CD6C2B /* Pods_instagramTests.framework */,
				6206572F7630F0AF235E9D84 /* Pods_instagramUITests.framework */,
			);
			name = Frameworks;
			sourceTree = "<group>";
		};
/* End PBXGroup section */

/* Begin PBXNativeTarget section */
		7D6DF7DD22D3FB66006F38EB /* instagram */ = {
			isa = PBXNativeTarget;
			buildConfigurationList = 7D6DF80A22D3FB68006F38EB /* Build configuration list for PBXNativeTarget "instagram" */;
			buildPhases = (
				8752E27422308694FC42C7F2 /* [CP] Check Pods Manifest.lock */,
				7D6DF7DA22D3FB66006F38EB /* Sources */,
				7D6DF7DB22D3FB66006F38EB /* Frameworks */,
				7D6DF7DC22D3FB66006F38EB /* Resources */,
				348547010CE9CBAAC9B1B5A1 /* [CP] Embed Pods Frameworks */,
			);
			buildRules = (
			);
			dependencies = (
			);
			name = instagram;
			productName = instagram;
			productReference = 7D6DF7DE22D3FB66006F38EB /* instagram.app */;
			productType = "com.apple.product-type.application";
		};
		7D6DF7F522D3FB68006F38EB /* instagramTests */ = {
			isa = PBXNativeTarget;
			buildConfigurationList = 7D6DF80D22D3FB68006F38EB /* Build configuration list for PBXNativeTarget "instagramTests" */;
			buildPhases = (
				A68FF27B7D05A583A299E442 /* [CP] Check Pods Manifest.lock */,
				7D6DF7F222D3FB68006F38EB /* Sources */,
				7D6DF7F322D3FB68006F38EB /* Frameworks */,
				7D6DF7F422D3FB68006F38EB /* Resources */,
			);
			buildRules = (
			);
			dependencies = (
				7D6DF7F822D3FB68006F38EB /* PBXTargetDependency */,
			);
			name = instagramTests;
			productName = instagramTests;
			productReference = 7D6DF7F622D3FB68006F38EB /* instagramTests.xctest */;
			productType = "com.apple.product-type.bundle.unit-test";
		};
		7D6DF80022D3FB68006F38EB /* instagramUITests */ = {
			isa = PBXNativeTarget;
			buildConfigurationList = 7D6DF81022D3FB68006F38EB /* Build configuration list for PBXNativeTarget "instagramUITests" */;
			buildPhases = (
				DFD18CC7D6DA260D66C35050 /* [CP] Check Pods Manifest.lock */,
				7D6DF7FD22D3FB68006F38EB /* Sources */,
				7D6DF7FE22D3FB68006F38EB /* Frameworks */,
				7D6DF7FF22D3FB68006F38EB /* Resources */,
			);
			buildRules = (
			);
			dependencies = (
				7D6DF80322D3FB68006F38EB /* PBXTargetDependency */,
			);
			name = instagramUITests;
			productName = instagramUITests;
			productReference = 7D6DF80122D3FB68006F38EB /* instagramUITests.xctest */;
			productType = "com.apple.product-type.bundle.ui-testing";
		};
/* End PBXNativeTarget section */

/* Begin PBXProject section */
		7D6DF7D622D3FB66006F38EB /* Project object */ = {
			isa = PBXProject;
			attributes = {
				LastUpgradeCheck = 1020;
				ORGANIZATIONNAME = britneyting;
				TargetAttributes = {
					7D6DF7DD22D3FB66006F38EB = {
						CreatedOnToolsVersion = 10.2.1;
					};
					7D6DF7F522D3FB68006F38EB = {
						CreatedOnToolsVersion = 10.2.1;
						TestTargetID = 7D6DF7DD22D3FB66006F38EB;
					};
					7D6DF80022D3FB68006F38EB = {
						CreatedOnToolsVersion = 10.2.1;
						TestTargetID = 7D6DF7DD22D3FB66006F38EB;
					};
				};
			};
			buildConfigurationList = 7D6DF7D922D3FB66006F38EB /* Build configuration list for PBXProject "instagram" */;
			compatibilityVersion = "Xcode 9.3";
			developmentRegion = en;
			hasScannedForEncodings = 0;
			knownRegions = (
				en,
				Base,
			);
			mainGroup = 7D6DF7D522D3FB66006F38EB;
			productRefGroup = 7D6DF7DF22D3FB66006F38EB /* Products */;
			projectDirPath = "";
			projectRoot = "";
			targets = (
				7D6DF7DD22D3FB66006F38EB /* instagram */,
				7D6DF7F522D3FB68006F38EB /* instagramTests */,
				7D6DF80022D3FB68006F38EB /* instagramUITests */,
			);
		};
/* End PBXProject section */

/* Begin PBXResourcesBuildPhase section */
		7D6DF7DC22D3FB66006F38EB /* Resources */ = {
			isa = PBXResourcesBuildPhase;
			buildActionMask = 2147483647;
			files = (
				7D6DF7EE22D3FB68006F38EB /* LaunchScreen.storyboard in Resources */,
				7D6DF7EB22D3FB68006F38EB /* Assets.xcassets in Resources */,
				7D6DF7E922D3FB66006F38EB /* Main.storyboard in Resources */,
			);
			runOnlyForDeploymentPostprocessing = 0;
		};
		7D6DF7F422D3FB68006F38EB /* Resources */ = {
			isa = PBXResourcesBuildPhase;
			buildActionMask = 2147483647;
			files = (
			);
			runOnlyForDeploymentPostprocessing = 0;
		};
		7D6DF7FF22D3FB68006F38EB /* Resources */ = {
			isa = PBXResourcesBuildPhase;
			buildActionMask = 2147483647;
			files = (
			);
			runOnlyForDeploymentPostprocessing = 0;
		};
/* End PBXResourcesBuildPhase section */

/* Begin PBXShellScriptBuildPhase section */
		348547010CE9CBAAC9B1B5A1 /* [CP] Embed Pods Frameworks */ = {
			isa = PBXShellScriptBuildPhase;
			buildActionMask = 2147483647;
			files = (
			);
			inputFileListPaths = (
				"${PODS_ROOT}/Target Support Files/Pods-instagram/Pods-instagram-frameworks-${CONFIGURATION}-input-files.xcfilelist",
			);
			name = "[CP] Embed Pods Frameworks";
			outputFileListPaths = (
				"${PODS_ROOT}/Target Support Files/Pods-instagram/Pods-instagram-frameworks-${CONFIGURATION}-output-files.xcfilelist",
			);
			runOnlyForDeploymentPostprocessing = 0;
			shellPath = /bin/sh;
			shellScript = "\"${PODS_ROOT}/Target Support Files/Pods-instagram/Pods-instagram-frameworks.sh\"\n";
			showEnvVarsInLog = 0;
		};
		8752E27422308694FC42C7F2 /* [CP] Check Pods Manifest.lock */ = {
			isa = PBXShellScriptBuildPhase;
			buildActionMask = 2147483647;
			files = (
			);
			inputFileListPaths = (
			);
			inputPaths = (
				"${PODS_PODFILE_DIR_PATH}/Podfile.lock",
				"${PODS_ROOT}/Manifest.lock",
			);
			name = "[CP] Check Pods Manifest.lock";
			outputFileListPaths = (
			);
			outputPaths = (
				"$(DERIVED_FILE_DIR)/Pods-instagram-checkManifestLockResult.txt",
			);
			runOnlyForDeploymentPostprocessing = 0;
			shellPath = /bin/sh;
			shellScript = "diff \"${PODS_PODFILE_DIR_PATH}/Podfile.lock\" \"${PODS_ROOT}/Manifest.lock\" > /dev/null\nif [ $? != 0 ] ; then\n    # print error to STDERR\n    echo \"error: The sandbox is not in sync with the Podfile.lock. Run 'pod install' or update your CocoaPods installation.\" >&2\n    exit 1\nfi\n# This output is used by Xcode 'outputs' to avoid re-running this script phase.\necho \"SUCCESS\" > \"${SCRIPT_OUTPUT_FILE_0}\"\n";
			showEnvVarsInLog = 0;
		};
		A68FF27B7D05A583A299E442 /* [CP] Check Pods Manifest.lock */ = {
			isa = PBXShellScriptBuildPhase;
			buildActionMask = 2147483647;
			files = (
			);
			inputFileListPaths = (
			);
			inputPaths = (
				"${PODS_PODFILE_DIR_PATH}/Podfile.lock",
				"${PODS_ROOT}/Manifest.lock",
			);
			name = "[CP] Check Pods Manifest.lock";
			outputFileListPaths = (
			);
			outputPaths = (
				"$(DERIVED_FILE_DIR)/Pods-instagramTests-checkManifestLockResult.txt",
			);
			runOnlyForDeploymentPostprocessing = 0;
			shellPath = /bin/sh;
			shellScript = "diff \"${PODS_PODFILE_DIR_PATH}/Podfile.lock\" \"${PODS_ROOT}/Manifest.lock\" > /dev/null\nif [ $? != 0 ] ; then\n    # print error to STDERR\n    echo \"error: The sandbox is not in sync with the Podfile.lock. Run 'pod install' or update your CocoaPods installation.\" >&2\n    exit 1\nfi\n# This output is used by Xcode 'outputs' to avoid re-running this script phase.\necho \"SUCCESS\" > \"${SCRIPT_OUTPUT_FILE_0}\"\n";
			showEnvVarsInLog = 0;
		};
		DFD18CC7D6DA260D66C35050 /* [CP] Check Pods Manifest.lock */ = {
			isa = PBXShellScriptBuildPhase;
			buildActionMask = 2147483647;
			files = (
			);
			inputFileListPaths = (
			);
			inputPaths = (
				"${PODS_PODFILE_DIR_PATH}/Podfile.lock",
				"${PODS_ROOT}/Manifest.lock",
			);
			name = "[CP] Check Pods Manifest.lock";
			outputFileListPaths = (
			);
			outputPaths = (
				"$(DERIVED_FILE_DIR)/Pods-instagramUITests-checkManifestLockResult.txt",
			);
			runOnlyForDeploymentPostprocessing = 0;
			shellPath = /bin/sh;
			shellScript = "diff \"${PODS_PODFILE_DIR_PATH}/Podfile.lock\" \"${PODS_ROOT}/Manifest.lock\" > /dev/null\nif [ $? != 0 ] ; then\n    # print error to STDERR\n    echo \"error: The sandbox is not in sync with the Podfile.lock. Run 'pod install' or update your CocoaPods installation.\" >&2\n    exit 1\nfi\n# This output is used by Xcode 'outputs' to avoid re-running this script phase.\necho \"SUCCESS\" > \"${SCRIPT_OUTPUT_FILE_0}\"\n";
			showEnvVarsInLog = 0;
		};
/* End PBXShellScriptBuildPhase section */

/* Begin PBXSourcesBuildPhase section */
		7D6DF7DA22D3FB66006F38EB /* Sources */ = {
			isa = PBXSourcesBuildPhase;
			buildActionMask = 2147483647;
			files = (
				7D6DF7E622D3FB66006F38EB /* ViewController.m in Sources */,
				7D6DF7F122D3FB68006F38EB /* main.m in Sources */,
				7D6DF7E322D3FB66006F38EB /* AppDelegate.m in Sources */,
				7D6DF81922D476D8006F38EB /* ComposeViewController.m in Sources */,
				7D6DF81622D4196C006F38EB /* HomeFeedViewController.m in Sources */,
				7D6DF81D22D47CCA006F38EB /* PostCell.m in Sources */,
				7D12B44522D5109E00EB4069 /* Post.m in Sources */,
			);
			runOnlyForDeploymentPostprocessing = 0;
		};
		7D6DF7F222D3FB68006F38EB /* Sources */ = {
			isa = PBXSourcesBuildPhase;
			buildActionMask = 2147483647;
			files = (
				7D6DF7FB22D3FB68006F38EB /* instagramTests.m in Sources */,
			);
			runOnlyForDeploymentPostprocessing = 0;
		};
		7D6DF7FD22D3FB68006F38EB /* Sources */ = {
			isa = PBXSourcesBuildPhase;
			buildActionMask = 2147483647;
			files = (
				7D6DF80622D3FB68006F38EB /* instagramUITests.m in Sources */,
			);
			runOnlyForDeploymentPostprocessing = 0;
		};
/* End PBXSourcesBuildPhase section */

/* Begin PBXTargetDependency section */
		7D6DF7F822D3FB68006F38EB /* PBXTargetDependency */ = {
			isa = PBXTargetDependency;
			target = 7D6DF7DD22D3FB66006F38EB /* instagram */;
			targetProxy = 7D6DF7F722D3FB68006F38EB /* PBXContainerItemProxy */;
		};
		7D6DF80322D3FB68006F38EB /* PBXTargetDependency */ = {
			isa = PBXTargetDependency;
			target = 7D6DF7DD22D3FB66006F38EB /* instagram */;
			targetProxy = 7D6DF80222D3FB68006F38EB /* PBXContainerItemProxy */;
		};
/* End PBXTargetDependency section */

/* Begin PBXVariantGroup section */
		7D6DF7E722D3FB66006F38EB /* Main.storyboard */ = {
			isa = PBXVariantGroup;
			children = (
				7D6DF7E822D3FB66006F38EB /* Base */,
			);
			name = Main.storyboard;
			sourceTree = "<group>";
		};
		7D6DF7EC22D3FB68006F38EB /* LaunchScreen.storyboard */ = {
			isa = PBXVariantGroup;
			children = (
				7D6DF7ED22D3FB68006F38EB /* Base */,
			);
			name = LaunchScreen.storyboard;
			sourceTree = "<group>";
		};
/* End PBXVariantGroup section */

/* Begin XCBuildConfiguration section */
		7D6DF80822D3FB68006F38EB /* Debug */ = {
			isa = XCBuildConfiguration;
			buildSettings = {
				ALWAYS_SEARCH_USER_PATHS = NO;
				CLANG_ANALYZER_NONNULL = YES;
				CLANG_ANALYZER_NUMBER_OBJECT_CONVERSION = YES_AGGRESSIVE;
				CLANG_CXX_LANGUAGE_STANDARD = "gnu++14";
				CLANG_CXX_LIBRARY = "libc++";
				CLANG_ENABLE_MODULES = YES;
				CLANG_ENABLE_OBJC_ARC = YES;
				CLANG_ENABLE_OBJC_WEAK = YES;
				CLANG_WARN_BLOCK_CAPTURE_AUTORELEASING = YES;
				CLANG_WARN_BOOL_CONVERSION = YES;
				CLANG_WARN_COMMA = YES;
				CLANG_WARN_CONSTANT_CONVERSION = YES;
				CLANG_WARN_DEPRECATED_OBJC_IMPLEMENTATIONS = YES;
				CLANG_WARN_DIRECT_OBJC_ISA_USAGE = YES_ERROR;
				CLANG_WARN_DOCUMENTATION_COMMENTS = YES;
				CLANG_WARN_EMPTY_BODY = YES;
				CLANG_WARN_ENUM_CONVERSION = YES;
				CLANG_WARN_INFINITE_RECURSION = YES;
				CLANG_WARN_INT_CONVERSION = YES;
				CLANG_WARN_NON_LITERAL_NULL_CONVERSION = YES;
				CLANG_WARN_OBJC_IMPLICIT_RETAIN_SELF = YES;
				CLANG_WARN_OBJC_LITERAL_CONVERSION = YES;
				CLANG_WARN_OBJC_ROOT_CLASS = YES_ERROR;
				CLANG_WARN_RANGE_LOOP_ANALYSIS = YES;
				CLANG_WARN_STRICT_PROTOTYPES = YES;
				CLANG_WARN_SUSPICIOUS_MOVE = YES;
				CLANG_WARN_UNGUARDED_AVAILABILITY = YES_AGGRESSIVE;
				CLANG_WARN_UNREACHABLE_CODE = YES;
				CLANG_WARN__DUPLICATE_METHOD_MATCH = YES;
				CODE_SIGN_IDENTITY = "iPhone Developer";
				COPY_PHASE_STRIP = NO;
				DEBUG_INFORMATION_FORMAT = dwarf;
				ENABLE_STRICT_OBJC_MSGSEND = YES;
				ENABLE_TESTABILITY = YES;
				GCC_C_LANGUAGE_STANDARD = gnu11;
				GCC_DYNAMIC_NO_PIC = NO;
				GCC_NO_COMMON_BLOCKS = YES;
				GCC_OPTIMIZATION_LEVEL = 0;
				GCC_PREPROCESSOR_DEFINITIONS = (
					"DEBUG=1",
					"$(inherited)",
				);
				GCC_WARN_64_TO_32_BIT_CONVERSION = YES;
				GCC_WARN_ABOUT_RETURN_TYPE = YES_ERROR;
				GCC_WARN_UNDECLARED_SELECTOR = YES;
				GCC_WARN_UNINITIALIZED_AUTOS = YES_AGGRESSIVE;
				GCC_WARN_UNUSED_FUNCTION = YES;
				GCC_WARN_UNUSED_VARIABLE = YES;
				IPHONEOS_DEPLOYMENT_TARGET = 12.2;
				MTL_ENABLE_DEBUG_INFO = INCLUDE_SOURCE;
				MTL_FAST_MATH = YES;
				ONLY_ACTIVE_ARCH = YES;
				SDKROOT = iphoneos;
			};
			name = Debug;
		};
		7D6DF80922D3FB68006F38EB /* Release */ = {
			isa = XCBuildConfiguration;
			buildSettings = {
				ALWAYS_SEARCH_USER_PATHS = NO;
				CLANG_ANALYZER_NONNULL = YES;
				CLANG_ANALYZER_NUMBER_OBJECT_CONVERSION = YES_AGGRESSIVE;
				CLANG_CXX_LANGUAGE_STANDARD = "gnu++14";
				CLANG_CXX_LIBRARY = "libc++";
				CLANG_ENABLE_MODULES = YES;
				CLANG_ENABLE_OBJC_ARC = YES;
				CLANG_ENABLE_OBJC_WEAK = YES;
				CLANG_WARN_BLOCK_CAPTURE_AUTORELEASING = YES;
				CLANG_WARN_BOOL_CONVERSION = YES;
				CLANG_WARN_COMMA = YES;
				CLANG_WARN_CONSTANT_CONVERSION = YES;
				CLANG_WARN_DEPRECATED_OBJC_IMPLEMENTATIONS = YES;
				CLANG_WARN_DIRECT_OBJC_ISA_USAGE = YES_ERROR;
				CLANG_WARN_DOCUMENTATION_COMMENTS = YES;
				CLANG_WARN_EMPTY_BODY = YES;
				CLANG_WARN_ENUM_CONVERSION = YES;
				CLANG_WARN_INFINITE_RECURSION = YES;
				CLANG_WARN_INT_CONVERSION = YES;
				CLANG_WARN_NON_LITERAL_NULL_CONVERSION = YES;
				CLANG_WARN_OBJC_IMPLICIT_RETAIN_SELF = YES;
				CLANG_WARN_OBJC_LITERAL_CONVERSION = YES;
				CLANG_WARN_OBJC_ROOT_CLASS = YES_ERROR;
				CLANG_WARN_RANGE_LOOP_ANALYSIS = YES;
				CLANG_WARN_STRICT_PROTOTYPES = YES;
				CLANG_WARN_SUSPICIOUS_MOVE = YES;
				CLANG_WARN_UNGUARDED_AVAILABILITY = YES_AGGRESSIVE;
				CLANG_WARN_UNREACHABLE_CODE = YES;
				CLANG_WARN__DUPLICATE_METHOD_MATCH = YES;
				CODE_SIGN_IDENTITY = "iPhone Developer";
				COPY_PHASE_STRIP = NO;
				DEBUG_INFORMATION_FORMAT = "dwarf-with-dsym";
				ENABLE_NS_ASSERTIONS = NO;
				ENABLE_STRICT_OBJC_MSGSEND = YES;
				GCC_C_LANGUAGE_STANDARD = gnu11;
				GCC_NO_COMMON_BLOCKS = YES;
				GCC_WARN_64_TO_32_BIT_CONVERSION = YES;
				GCC_WARN_ABOUT_RETURN_TYPE = YES_ERROR;
				GCC_WARN_UNDECLARED_SELECTOR = YES;
				GCC_WARN_UNINITIALIZED_AUTOS = YES_AGGRESSIVE;
				GCC_WARN_UNUSED_FUNCTION = YES;
				GCC_WARN_UNUSED_VARIABLE = YES;
				IPHONEOS_DEPLOYMENT_TARGET = 12.2;
				MTL_ENABLE_DEBUG_INFO = NO;
				MTL_FAST_MATH = YES;
				SDKROOT = iphoneos;
				VALIDATE_PRODUCT = YES;
			};
			name = Release;
		};
		7D6DF80B22D3FB68006F38EB /* Debug */ = {
			isa = XCBuildConfiguration;
			baseConfigurationReference = E893D1806B72D5A258F0B1B2 /* Pods-instagram.debug.xcconfig */;
			buildSettings = {
				ASSETCATALOG_COMPILER_APPICON_NAME = AppIcon;
				CODE_SIGN_STYLE = Automatic;
				DEVELOPMENT_TEAM = S8YP28BKLS;
				INFOPLIST_FILE = instagram/Info.plist;
				LD_RUNPATH_SEARCH_PATHS = (
					"$(inherited)",
					"@executable_path/Frameworks",
				);
				PRODUCT_BUNDLE_IDENTIFIER = com.facebook.britneyting.instagram;
				PRODUCT_NAME = "$(TARGET_NAME)";
				TARGETED_DEVICE_FAMILY = "1,2";
			};
			name = Debug;
		};
		7D6DF80C22D3FB68006F38EB /* Release */ = {
			isa = XCBuildConfiguration;
			baseConfigurationReference = 6CE3B4F883AF95FD06403DF0 /* Pods-instagram.release.xcconfig */;
			buildSettings = {
				ASSETCATALOG_COMPILER_APPICON_NAME = AppIcon;
				CODE_SIGN_STYLE = Automatic;
				DEVELOPMENT_TEAM = S8YP28BKLS;
				INFOPLIST_FILE = instagram/Info.plist;
				LD_RUNPATH_SEARCH_PATHS = (
					"$(inherited)",
					"@executable_path/Frameworks",
				);
				PRODUCT_BUNDLE_IDENTIFIER = com.facebook.britneyting.instagram;
				PRODUCT_NAME = "$(TARGET_NAME)";
				TARGETED_DEVICE_FAMILY = "1,2";
			};
			name = Release;
		};
		7D6DF80E22D3FB68006F38EB /* Debug */ = {
			isa = XCBuildConfiguration;
			baseConfigurationReference = D5056395ED4D3E0AE366C226 /* Pods-instagramTests.debug.xcconfig */;
			buildSettings = {
				BUNDLE_LOADER = "$(TEST_HOST)";
				CODE_SIGN_STYLE = Automatic;
				DEVELOPMENT_TEAM = S8YP28BKLS;
				INFOPLIST_FILE = instagramTests/Info.plist;
				LD_RUNPATH_SEARCH_PATHS = (
					"$(inherited)",
					"@executable_path/Frameworks",
					"@loader_path/Frameworks",
				);
				PRODUCT_BUNDLE_IDENTIFIER = com.facebook.britneyting.instagramTests;
				PRODUCT_NAME = "$(TARGET_NAME)";
				TARGETED_DEVICE_FAMILY = "1,2";
				TEST_HOST = "$(BUILT_PRODUCTS_DIR)/instagram.app/instagram";
			};
			name = Debug;
		};
		7D6DF80F22D3FB68006F38EB /* Release */ = {
			isa = XCBuildConfiguration;
			baseConfigurationReference = 7EB8918C7FE76B58759EE8D9 /* Pods-instagramTests.release.xcconfig */;
			buildSettings = {
				BUNDLE_LOADER = "$(TEST_HOST)";
				CODE_SIGN_STYLE = Automatic;
				DEVELOPMENT_TEAM = S8YP28BKLS;
				INFOPLIST_FILE = instagramTests/Info.plist;
				LD_RUNPATH_SEARCH_PATHS = (
					"$(inherited)",
					"@executable_path/Frameworks",
					"@loader_path/Frameworks",
				);
				PRODUCT_BUNDLE_IDENTIFIER = com.facebook.britneyting.instagramTests;
				PRODUCT_NAME = "$(TARGET_NAME)";
				TARGETED_DEVICE_FAMILY = "1,2";
				TEST_HOST = "$(BUILT_PRODUCTS_DIR)/instagram.app/instagram";
			};
			name = Release;
		};
		7D6DF81122D3FB68006F38EB /* Debug */ = {
			isa = XCBuildConfiguration;
			baseConfigurationReference = A738357DD6BEDB652A5E2098 /* Pods-instagramUITests.debug.xcconfig */;
			buildSettings = {
				CODE_SIGN_STYLE = Automatic;
				DEVELOPMENT_TEAM = S8YP28BKLS;
				INFOPLIST_FILE = instagramUITests/Info.plist;
				LD_RUNPATH_SEARCH_PATHS = (
					"$(inherited)",
					"@executable_path/Frameworks",
					"@loader_path/Frameworks",
				);
				PRODUCT_BUNDLE_IDENTIFIER = com.facebook.britneyting.instagramUITests;
				PRODUCT_NAME = "$(TARGET_NAME)";
				TARGETED_DEVICE_FAMILY = "1,2";
				TEST_TARGET_NAME = instagram;
			};
			name = Debug;
		};
		7D6DF81222D3FB68006F38EB /* Release */ = {
			isa = XCBuildConfiguration;
			baseConfigurationReference = E2313BF6E4808C25120828AB /* Pods-instagramUITests.release.xcconfig */;
			buildSettings = {
				CODE_SIGN_STYLE = Automatic;
				DEVELOPMENT_TEAM = S8YP28BKLS;
				INFOPLIST_FILE = instagramUITests/Info.plist;
				LD_RUNPATH_SEARCH_PATHS = (
					"$(inherited)",
					"@executable_path/Frameworks",
					"@loader_path/Frameworks",
				);
				PRODUCT_BUNDLE_IDENTIFIER = com.facebook.britneyting.instagramUITests;
				PRODUCT_NAME = "$(TARGET_NAME)";
				TARGETED_DEVICE_FAMILY = "1,2";
				TEST_TARGET_NAME = instagram;
			};
			name = Release;
		};
/* End XCBuildConfiguration section */

/* Begin XCConfigurationList section */
		7D6DF7D922D3FB66006F38EB /* Build configuration list for PBXProject "instagram" */ = {
			isa = XCConfigurationList;
			buildConfigurations = (
				7D6DF80822D3FB68006F38EB /* Debug */,
				7D6DF80922D3FB68006F38EB /* Release */,
			);
			defaultConfigurationIsVisible = 0;
			defaultConfigurationName = Release;
		};
		7D6DF80A22D3FB68006F38EB /* Build configuration list for PBXNativeTarget "instagram" */ = {
			isa = XCConfigurationList;
			buildConfigurations = (
				7D6DF80B22D3FB68006F38EB /* Debug */,
				7D6DF80C22D3FB68006F38EB /* Release */,
			);
			defaultConfigurationIsVisible = 0;
			defaultConfigurationName = Release;
		};
		7D6DF80D22D3FB68006F38EB /* Build configuration list for PBXNativeTarget "instagramTests" */ = {
			isa = XCConfigurationList;
			buildConfigurations = (
				7D6DF80E22D3FB68006F38EB /* Debug */,
				7D6DF80F22D3FB68006F38EB /* Release */,
			);
			defaultConfigurationIsVisible = 0;
			defaultConfigurationName = Release;
		};
		7D6DF81022D3FB68006F38EB /* Build configuration list for PBXNativeTarget "instagramUITests" */ = {
			isa = XCConfigurationList;
			buildConfigurations = (
				7D6DF81122D3FB68006F38EB /* Debug */,
				7D6DF81222D3FB68006F38EB /* Release */,
			);
			defaultConfigurationIsVisible = 0;
			defaultConfigurationName = Release;
		};
/* End XCConfigurationList section */
	};
	rootObject = 7D6DF7D622D3FB66006F38EB /* Project object */;
}
